
Microsoft Visual Studio Solution File, Format Version 12.00
# Visual Studio 14
VisualStudioVersion = 14.0.25420.1
MinimumVisualStudioVersion = 10.0.40219.1
Project("{FAE04EC0-301F-11D3-BF4B-00C04F79EFBC}") = "CustomerService.API", "CustomerService.API\CustomerService.API.csproj", "{B8AC5497-1014-4F93-ABAB-9090A13A8BE8}"
EndProject
Project("{FAE04EC0-301F-11D3-BF4B-00C04F79EFBC}") = "CustomerService.DTO", "CustomerService.Model\CustomerService.DTO.csproj", "{D56C4EF4-3493-40D6-8B44-B99FA5B28BDA}"
EndProject
Project("{FAE04EC0-301F-11D3-BF4B-00C04F79EFBC}") = "CustomerService.BLL", "CustomerService.BLL\CustomerService.BLL.csproj", "{562B2F28-C323-481D-AEA8-5BB6F1DE688C}"
EndProject
Project("{FAE04EC0-301F-11D3-BF4B-00C04F79EFBC}") = "CustomerService.Repository", "CustomerService.Repository\CustomerService.Repository.csproj", "{6EB33E77-953B-4335-AC5F-4424BB07CF64}"
EndProject
Project("{2150E333-8FDC-42A3-9474-1A3956D46DE8}") = "Test", "Test", "{34AE0BB9-D786-4C3C-8CEB-8B702002817C}"
EndProject
Project("{FAE04EC0-301F-11D3-BF4B-00C04F79EFBC}") = "CustomerService.BLL.Test", "CustomerService.BLL.Test\CustomerService.BLL.Test.csproj", "{21E401EF-778C-426A-8ED5-E12FBD7A978B}"
EndProject
Project("{FAE04EC0-301F-11D3-BF4B-00C04F79EFBC}") = "CustomerService.API.Test", "CustomerService.API.Test\CustomerService.API.Test.csproj", "{8116C022-724B-435D-AC5D-090FD3267EC3}"
EndProject
Global
	GlobalSection(SolutionConfigurationPlatforms) = preSolution
		Debug|Any CPU = Debug|Any CPU
		Release|Any CPU = Release|Any CPU
	EndGlobalSection
	GlobalSection(ProjectConfigurationPlatforms) = postSolution
		{B8AC5497-1014-4F93-ABAB-9090A13A8BE8}.Debug|Any CPU.ActiveCfg = Debug|Any CPU
		{B8AC5497-1014-4F93-ABAB-9090A13A8BE8}.Debug|Any CPU.Build.0 = Debug|Any CPU
		{B8AC5497-1014-4F93-ABAB-9090A13A8BE8}.Release|Any CPU.ActiveCfg = Release|Any CPU
		{B8AC5497-1014-4F93-ABAB-9090A13A8BE8}.Release|Any CPU.Build.0 = Release|Any CPU
		{D56C4EF4-3493-40D6-8B44-B99FA5B28BDA}.Debug|Any CPU.ActiveCfg = Debug|Any CPU
		{D56C4EF4-3493-40D6-8B44-B99FA5B28BDA}.Debug|Any CPU.Build.0 = Debug|Any CPU
		{D56C4EF4-3493-40D6-8B44-B99FA5B28BDA}.Release|Any CPU.ActiveCfg = Release|Any CPU
		{D56C4EF4-3493-40D6-8B44-B99FA5B28BDA}.Release|Any CPU.Build.0 = Release|Any CPU
		{562B2F28-C323-481D-AEA8-5BB6F1DE688C}.Debug|Any CPU.ActiveCfg = Debug|Any CPU
		{562B2F28-C323-481D-AEA8-5BB6F1DE688C}.Debug|Any CPU.Build.0 = Debug|Any CPU
		{562B2F28-C323-481D-AEA8-5BB6F1DE688C}.Release|Any CPU.ActiveCfg = Release|Any CPU
		{562B2F28-C323-481D-AEA8-5BB6F1DE688C}.Release|Any CPU.Build.0 = Release|Any CPU
		{6EB33E77-953B-4335-AC5F-4424BB07CF64}.Debug|Any CPU.ActiveCfg = Debug|Any CPU
		{6EB33E77-953B-4335-AC5F-4424BB07CF64}.Debug|Any CPU.Build.0 = Debug|Any CPU
		{6EB33E77-953B-4335-AC5F-4424BB07CF64}.Release|Any CPU.ActiveCfg = Release|Any CPU
		{6EB33E77-953B-4335-AC5F-4424BB07CF64}.Release|Any CPU.Build.0 = Release|Any CPU
		{21E401EF-778C-426A-8ED5-E12FBD7A978B}.Debug|Any CPU.ActiveCfg = Debug|Any CPU
		{21E401EF-778C-426A-8ED5-E12FBD7A978B}.Debug|Any CPU.Build.0 = Debug|Any CPU
		{21E401EF-778C-426A-8ED5-E12FBD7A978B}.Release|Any CPU.ActiveCfg = Release|Any CPU
		{21E401EF-778C-426A-8ED5-E12FBD7A978B}.Release|Any CPU.Build.0 = Release|Any CPU
		{8116C022-724B-435D-AC5D-090FD3267EC3}.Debug|Any CPU.ActiveCfg = Debug|Any CPU
		{8116C022-724B-435D-AC5D-090FD3267EC3}.Debug|Any CPU.Build.0 = Debug|Any CPU
		{8116C022-724B-435D-AC5D-090FD3267EC3}.Release|Any CPU.ActiveCfg = Release|Any CPU
		{8116C022-724B-435D-AC5D-090FD3267EC3}.Release|Any CPU.Build.0 = Release|Any CPU
	EndGlobalSection
	GlobalSection(SolutionProperties) = preSolution
		HideSolutionNode = FALSE
	EndGlobalSection
	GlobalSection(NestedProjects) = preSolution
		{21E401EF-778C-426A-8ED5-E12FBD7A978B} = {34AE0BB9-D786-4C3C-8CEB-8B702002817C}
		{8116C022-724B-435D-AC5D-090FD3267EC3} = {34AE0BB9-D786-4C3C-8CEB-8B702002817C}
	EndGlobalSection
EndGlobal
